// !$*UTF8*$!
{
	archiveVersion = 1;
	classes = {
	};
	objectVersion = 46;
	objects = {

/* Begin PBXBuildFile section */
		0641106F175A3B1B008FE897 /* UIKit.framework in Frameworks */ = {isa = PBXBuildFile; fileRef = 0641106E175A3B1B008FE897 /* UIKit.framework */; };
		06411071175A3B1B008FE897 /* Foundation.framework in Frameworks */ = {isa = PBXBuildFile; fileRef = 06411070175A3B1B008FE897 /* Foundation.framework */; };
		06411073175A3B1B008FE897 /* CoreGraphics.framework in Frameworks */ = {isa = PBXBuildFile; fileRef = 06411072175A3B1B008FE897 /* CoreGraphics.framework */; };
		06411079175A3B1B008FE897 /* InfoPlist.strings in Resources */ = {isa = PBXBuildFile; fileRef = 06411077175A3B1B008FE897 /* InfoPlist.strings */; };
		0641107B175A3B1B008FE897 /* main.m in Sources */ = {isa = PBXBuildFile; fileRef = 0641107A175A3B1B008FE897 /* main.m */; };
		0641107F175A3B1B008FE897 /* AppDelegate.m in Sources */ = {isa = PBXBuildFile; fileRef = 0641107E175A3B1B008FE897 /* AppDelegate.m */; };
		06411081175A3B1B008FE897 /* Default.png in Resources */ = {isa = PBXBuildFile; fileRef = 06411080175A3B1B008FE897 /* Default.png */; };
		06411083175A3B1B008FE897 /* Default@2x.png in Resources */ = {isa = PBXBuildFile; fileRef = 06411082175A3B1B008FE897 /* Default@2x.png */; };
		06411085175A3B1B008FE897 /* Default-568h@2x.png in Resources */ = {isa = PBXBuildFile; fileRef = 06411084175A3B1B008FE897 /* Default-568h@2x.png */; };
		06411088175A3B1B008FE897 /* ViewController.m in Sources */ = {isa = PBXBuildFile; fileRef = 06411087175A3B1B008FE897 /* ViewController.m */; };
		0641108B175A3B1B008FE897 /* ViewController_iPhone.xib in Resources */ = {isa = PBXBuildFile; fileRef = 06411089175A3B1B008FE897 /* ViewController_iPhone.xib */; };
		06411096175A3B29008FE897 /* CustomClass.m in Sources */ = {isa = PBXBuildFile; fileRef = 06411095175A3B29008FE897 /* CustomClass.m */; };
/* End PBXBuildFile section */

/* Begin PBXFileReference section */
		0641106B175A3B1B008FE897 /* DelegateExample.app */ = {isa = PBXFileReference; explicitFileType = wrapper.application; includeInIndex = 0; path = DelegateExample.app; sourceTree = BUILT_PRODUCTS_DIR; };
		0641106E175A3B1B008FE897 /* UIKit.framework */ = {isa = PBXFileReference; lastKnownFileType = wrapper.framework; name = UIKit.framework; path = System/Library/Frameworks/UIKit.framework; sourceTree = SDKROOT; };
		06411070175A3B1B008FE897 /* Foundation.framework */ = {isa = PBXFileReference; lastKnownFileType = wrapper.framework; name = Foundation.framework; path = System/Library/Frameworks/Foundation.framework; sourceTree = SDKROOT; };
		06411072175A3B1B008FE897 /* CoreGraphics.framework */ = {isa = PBXFileReference; lastKnownFileType = wrapper.framework; name = CoreGraphics.framework; path = System/Library/Frameworks/CoreGraphics.framework; sourceTree = SDKROOT; };
		06411076175A3B1B008FE897 /* DelegateExample-Info.plist */ = {isa = PBXFileReference; lastKnownFileType = text.plist.xml; path = "DelegateExample-Info.plist"; sourceTree = "<group>"; };
		06411078175A3B1B008FE897 /* en */ = {isa = PBXFileReference; lastKnownFileType = text.plist.strings; name = en; path = en.lproj/InfoPlist.strings; sourceTree = "<group>"; };
		0641107A175A3B1B008FE897 /* main.m */ = {isa = PBXFileReference; lastKnownFileType = sourcecode.c.objc; path = main.m; sourceTree = "<group>"; };
		0641107C175A3B1B008FE897 /* DelegateExample-Prefix.pch */ = {isa = PBXFileReference; lastKnownFileType = sourcecode.c.h; path = "DelegateExample-Prefix.pch"; sourceTree = "<group>"; };
		0641107D175A3B1B008FE897 /* AppDelegate.h */ = {isa = PBXFileReference; lastKnownFileType = sourcecode.c.h; path = AppDelegate.h; sourceTree = "<group>"; };
		0641107E175A3B1B008FE897 /* AppDelegate.m */ = {isa = PBXFileReference; lastKnownFileType = sourcecode.c.objc; path = AppDelegate.m; sourceTree = "<group>"; };
		06411080175A3B1B008FE897 /* Default.png */ = {isa = PBXFileReference; lastKnownFileType = image.png; path = Default.png; sourceTree = "<group>"; };
		06411082175A3B1B008FE897 /* Default@2x.png */ = {isa = PBXFileReference; lastKnownFileType = image.png; path = "Default@2x.png"; sourceTree = "<group>"; };
		06411084175A3B1B008FE897 /* Default-568h@2x.png */ = {isa = PBXFileReference; lastKnownFileType = image.png; path = "Default-568h@2x.png"; sourceTree = "<group>"; };
		06411086175A3B1B008FE897 /* ViewController.h */ = {isa = PBXFileReference; lastKnownFileType = sourcecode.c.h; path = ViewController.h; sourceTree = "<group>"; };
		06411087175A3B1B008FE897 /* ViewController.m */ = {isa = PBXFileReference; lastKnownFileType = sourcecode.c.objc; path = ViewController.m; sourceTree = "<group>"; };
		0641108A175A3B1B008FE897 /* en */ = {isa = PBXFileReference; lastKnownFileType = file.xib; name = en; path = en.lproj/ViewController_iPhone.xib; sourceTree = "<group>"; };
		06411094175A3B29008FE897 /* CustomClass.h */ = {isa = PBXFileReference; fileEncoding = 4; lastKnownFileType = sourcecode.c.h; path = CustomClass.h; sourceTree = "<group>"; };
		06411095175A3B29008FE897 /* CustomClass.m */ = {isa = PBXFileReference; fileEncoding = 4; lastKnownFileType = sourcecode.c.objc; path = CustomClass.m; sourceTree = "<group>"; };
/* End PBXFileReference section */

/* Begin PBXFrameworksBuildPhase section */
		06411068175A3B1B008FE897 /* Frameworks */ = {
			isa = PBXFrameworksBuildPhase;
			buildActionMask = 2147483647;
			files = (
				0641106F175A3B1B008FE897 /* UIKit.framework in Frameworks */,
				06411071175A3B1B008FE897 /* Foundation.framework in Frameworks */,
				06411073175A3B1B008FE897 /* CoreGraphics.framework in Frameworks */,
			);
			runOnlyForDeploymentPostprocessing = 0;
		};
/* End PBXFrameworksBuildPhase section */

/* Begin PBXGroup section */
		06411062175A3B1B008FE897 = {
			isa = PBXGroup;
			children = (
				06411074175A3B1B008FE897 /* DelegateExample */,
				0641106D175A3B1B008FE897 /* Frameworks */,
				0641106C175A3B1B008FE897 /* Products */,
			);
			sourceTree = "<group>";
		};
		0641106C175A3B1B008FE897 /* Products */ = {
			isa = PBXGroup;
			children = (
				0641106B175A3B1B008FE897 /* DelegateExample.app */,
			);
			name = Products;
			sourceTree = "<group>";
		};
		0641106D175A3B1B008FE897 /* Frameworks */ = {
			isa = PBXGroup;
			children = (
				0641106E175A3B1B008FE897 /* UIKit.framework */,
				06411070175A3B1B008FE897 /* Foundation.framework */,
				06411072175A3B1B008FE897 /* CoreGraphics.framework */,
			);
			name = Frameworks;
			sourceTree = "<group>";
		};
		06411074175A3B1B008FE897 /* DelegateExample */ = {
			isa = PBXGroup;
			children = (
				0641107D175A3B1B008FE897 /* AppDelegate.h */,
				0641107E175A3B1B008FE897 /* AppDelegate.m */,
				06411086175A3B1B008FE897 /* ViewController.h */,
				06411087175A3B1B008FE897 /* ViewController.m */,
				06411089175A3B1B008FE897 /* ViewController_iPhone.xib */,
				06411094175A3B29008FE897 /* CustomClass.h */,
				06411095175A3B29008FE897 /* CustomClass.m */,
				06411075175A3B1B008FE897 /* Supporting Files */,
			);
			path = DelegateExample;
			sourceTree = "<group>";
		};
		06411075175A3B1B008FE897 /* Supporting Files */ = {
			isa = PBXGroup;
			children = (
				06411076175A3B1B008FE897 /* DelegateExample-Info.plist */,
				06411077175A3B1B008FE897 /* InfoPlist.strings */,
				0641107A175A3B1B008FE897 /* main.m */,
				0641107C175A3B1B008FE897 /* DelegateExample-Prefix.pch */,
				06411080175A3B1B008FE897 /* Default.png */,
				06411082175A3B1B008FE897 /* Default@2x.png */,
				06411084175A3B1B008FE897 /* Default-568h@2x.png */,
			);
			name = "Supporting Files";
			sourceTree = "<group>";
		};
/* End PBXGroup section */

/* Begin PBXNativeTarget section */
		0641106A175A3B1B008FE897 /* DelegateExample */ = {
			isa = PBXNativeTarget;
			buildConfigurationList = 06411091175A3B1B008FE897 /* Build configuration list for PBXNativeTarget "DelegateExample" */;
			buildPhases = (
				06411067175A3B1B008FE897 /* Sources */,
				06411068175A3B1B008FE897 /* Frameworks */,
				06411069175A3B1B008FE897 /* Resources */,
			);
			buildRules = (
			);
			dependencies = (
			);
			name = DelegateExample;
			productName = DelegateExample;
			productReference = 0641106B175A3B1B008FE897 /* DelegateExample.app */;
			productType = "com.apple.product-type.application";
		};
/* End PBXNativeTarget section */

/* Begin PBXProject section */
		06411063175A3B1B008FE897 /* Project object */ = {
			isa = PBXProject;
			attributes = {
				LastUpgradeCheck = 0460;
			};
			buildConfigurationList = 06411066175A3B1B008FE897 /* Build configuration list for PBXProject "DelegateExample" */;
			compatibilityVersion = "Xcode 3.2";
			developmentRegion = English;
			hasScannedForEncodings = 0;
			knownRegions = (
				en,
			);
			mainGroup = 06411062175A3B1B008FE897;
			productRefGroup = 0641106C175A3B1B008FE897 /* Products */;
			projectDirPath = "";
			projectRoot = "";
			targets = (
				0641106A175A3B1B008FE897 /* DelegateExample */,
			);
		};
/* End PBXProject section */

/* Begin PBXResourcesBuildPhase section */
		06411069175A3B1B008FE897 /* Resources */ = {
			isa = PBXResourcesBuildPhase;
			buildActionMask = 2147483647;
			files = (
				06411079175A3B1B008FE897 /* InfoPlist.strings in Resources */,
				06411081175A3B1B008FE897 /* Default.png in Resources */,
				06411083175A3B1B008FE897 /* Default@2x.png in Resources */,
				06411085175A3B1B008FE897 /* Default-568h@2x.png in Resources */,
				0641108B175A3B1B008FE897 /* ViewController_iPhone.xib in Resources */,
			);
			runOnlyForDeploymentPostprocessing = 0;
		};
/* End PBXResourcesBuildPhase section */

/* Begin PBXSourcesBuildPhase section */
		06411067175A3B1B008FE897 /* Sources */ = {
			isa = PBXSourcesBuildPhase;
			buildActionMask = 2147483647;
			files = (
				0641107B175A3B1B008FE897 /* main.m in Sources */,
				0641107F175A3B1B008FE897 /* AppDelegate.m in Sources */,
				06411088175A3B1B008FE897 /* ViewController.m in Sources */,
				06411096175A3B29008FE897 /* CustomClass.m in Sources */,
			);
			runOnlyForDeploymentPostprocessing = 0;
		};
/* End PBXSourcesBuildPhase section */

/* Begin PBXVariantGroup section */
		06411077175A3B1B008FE897 /* InfoPlist.strings */ = {
			isa = PBXVariantGroup;
			children = (
				06411078175A3B1B008FE897 /* en */,
			);
			name = InfoPlist.strings;
			sourceTree = "<group>";
		};
		06411089175A3B1B008FE897 /* ViewController_iPhone.xib */ = {
			isa = PBXVariantGroup;
			children = (
				0641108A175A3B1B008FE897 /* en */,
			);
			name = ViewController_iPhone.xib;
			sourceTree = "<group>";
		};
/* End PBXVariantGroup section */

/* Begin XCBuildConfiguration section */
		0641108F175A3B1B008FE897 /* Debug */ = {
			isa = XCBuildConfiguration;
			buildSettings = {
				ALWAYS_SEARCH_USER_PATHS = NO;
				CLANG_CXX_LANGUAGE_STANDARD = "gnu++0x";
				CLANG_CXX_LIBRARY = "libc++";
				CLANG_ENABLE_OBJC_ARC = YES;
				CLANG_WARN_CONSTANT_CONVERSION = YES;
				CLANG_WARN_EMPTY_BODY = YES;
				CLANG_WARN_ENUM_CONVERSION = YES;
				CLANG_WARN_INT_CONVERSION = YES;
				CLANG_WARN__DUPLICATE_METHOD_MATCH = YES;
				"CODE_SIGN_IDENTITY[sdk=iphoneos*]" = "iPhone Developer";
				COPY_PHASE_STRIP = NO;
				GCC_C_LANGUAGE_STANDARD = gnu99;
				GCC_DYNAMIC_NO_PIC = NO;
				GCC_OPTIMIZATION_LEVEL = 0;
				GCC_PREPROCESSOR_DEFINITIONS = (
					"DEBUG=1",
					"$(inherited)",
				);
				GCC_SYMBOLS_PRIVATE_EXTERN = NO;
				GCC_WARN_ABOUT_RETURN_TYPE = YES;
				GCC_WARN_UNINITIALIZED_AUTOS = YES;
				GCC_WARN_UNUSED_VARIABLE = YES;
				IPHONEOS_DEPLOYMENT_TARGET = 6.1;
				ONLY_ACTIVE_ARCH = YES;
				SDKROOT = iphoneos;
				TARGETED_DEVICE_FAMILY = "1,2";
			};
			name = Debug;
		};
		06411090175A3B1B008FE897 /* Release */ = {
			isa = XCBuildConfiguration;
			buildSettings = {
				ALWAYS_SEARCH_USER_PATHS = NO;
				CLANG_CXX_LANGUAGE_STANDARD = "gnu++0x";
				CLANG_CXX_LIBRARY = "libc++";
				CLANG_ENABLE_OBJC_ARC = YES;
				CLANG_WARN_CONSTANT_CONVERSION = YES;
				CLANG_WARN_EMPTY_BODY = YES;
				CLANG_WARN_ENUM_CONVERSION = YES;
				CLANG_WARN_INT_CONVERSION = YES;
				CLANG_WARN__DUPLICATE_METHOD_MATCH = YES;
				"CODE_SIGN_IDENTITY[sdk=iphoneos*]" = "iPhone Developer";
				COPY_PHASE_STRIP = YES;
				GCC_C_LANGUAGE_STANDARD = gnu99;
				GCC_WARN_ABOUT_RETURN_TYPE = YES;
				GCC_WARN_UNINITIALIZED_AUTOS = YES;
				GCC_WARN_UNUSED_VARIABLE = YES;
				IPHONEOS_DEPLOYMENT_TARGET = 6.1;
				OTHER_CFLAGS = "-DNS_BLOCK_ASSERTIONS=1";
				SDKROOT = iphoneos;
				TARGETED_DEVICE_FAMILY = "1,2";
				VALIDATE_PRODUCT = YES;
			};
			name = Release;
		};
		06411092175A3B1B008FE897 /* Debug */ = {
			isa = XCBuildConfiguration;
			buildSettings = {
				GCC_PRECOMPILE_PREFIX_HEADER = YES;
				GCC_PREFIX_HEADER = "DelegateExample/DelegateExample-Prefix.pch";
				INFOPLIST_FILE = "DelegateExample/DelegateExample-Info.plist";
				PRODUCT_NAME = "$(TARGET_NAME)";
				TARGETED_DEVICE_FAMILY = 1;
				WRAPPER_EXTENSION = app;
			};
			name = Debug;
		};
		06411093175A3B1B008FE897 /* Release */ = {
			isa = XCBuildConfiguration;
			buildSettings = {
				GCC_PRECOMPILE_PREFIX_HEADER = YES;
				GCC_PREFIX_HEADER = "DelegateExample/DelegateExample-Prefix.pch";
				INFOPLIST_FILE = "DelegateExample/DelegateExample-Info.plist";
				PRODUCT_NAME = "$(TARGET_NAME)";
				TARGETED_DEVICE_FAMILY = 1;
				WRAPPER_EXTENSION = app;
			};
			name = Release;
		};
/* End XCBuildConfiguration section */

/* Begin XCConfigurationList section */
		06411066175A3B1B008FE897 /* Build configuration list for PBXProject "DelegateExample" */ = {
			isa = XCConfigurationList;
			buildConfigurations = (
				0641108F175A3B1B008FE897 /* Debug */,
				06411090175A3B1B008FE897 /* Release */,
			);
			defaultConfigurationIsVisible = 0;
			defaultConfigurationName = Release;
		};
		06411091175A3B1B008FE897 /* Build configuration list for PBXNativeTarget "DelegateExample" */ = {
			isa = XCConfigurationList;
			buildConfigurations = (
				06411092175A3B1B008FE897 /* Debug */,
				06411093175A3B1B008FE897 /* Release */,
			);
			defaultConfigurationIsVisible = 0;
		};
/* End XCConfigurationList section */
	};
	rootObject = 06411063175A3B1B008FE897 /* Project object */;
}
